// !$*UTF8*$!
{
	archiveVersion = 1;
	classes = {
	};
	objectVersion = 46;
	objects = {

/* Begin PBXBuildFile section */
		9D81D65C1D9D22E300EE0659 /* main.m in Sources */ = {isa = PBXBuildFile; fileRef = 9D81D65B1D9D22E300EE0659 /* main.m */; };
		9D81D65F1D9D22E400EE0659 /* AppDelegate.m in Sources */ = {isa = PBXBuildFile; fileRef = 9D81D65E1D9D22E400EE0659 /* AppDelegate.m */; };
		9D81D6621D9D22E400EE0659 /* ViewController.m in Sources */ = {isa = PBXBuildFile; fileRef = 9D81D6611D9D22E400EE0659 /* ViewController.m */; };
		9D81D6651D9D22E600EE0659 /* Main.storyboard in Resources */ = {isa = PBXBuildFile; fileRef = 9D81D6631D9D22E500EE0659 /* Main.storyboard */; };
		9D81D6671D9D22E600EE0659 /* Assets.xcassets in Resources */ = {isa = PBXBuildFile; fileRef = 9D81D6661D9D22E600EE0659 /* Assets.xcassets */; };
		9D81D66A1D9D22E600EE0659 /* LaunchScreen.storyboard in Resources */ = {isa = PBXBuildFile; fileRef = 9D81D6681D9D22E600EE0659 /* LaunchScreen.storyboard */; };
		9D81D6751D9D22E900EE0659 /* DataPassingTableTests.m in Sources */ = {isa = PBXBuildFile; fileRef = 9D81D6741D9D22E900EE0659 /* DataPassingTableTests.m */; };
		9D81D6801D9D22E900EE0659 /* DataPassingTableUITests.m in Sources */ = {isa = PBXBuildFile; fileRef = 9D81D67F1D9D22E900EE0659 /* DataPassingTableUITests.m */; };
/* End PBXBuildFile section */

/* Begin PBXContainerItemProxy section */
		9D81D6711D9D22E700EE0659 /* PBXContainerItemProxy */ = {
			isa = PBXContainerItemProxy;
			containerPortal = 9D81D64F1D9D22E300EE0659 /* Project object */;
			proxyType = 1;
			remoteGlobalIDString = 9D81D6561D9D22E300EE0659;
			remoteInfo = DataPassingTable;
		};
		9D81D67C1D9D22E900EE0659 /* PBXContainerItemProxy */ = {
			isa = PBXContainerItemProxy;
			containerPortal = 9D81D64F1D9D22E300EE0659 /* Project object */;
			proxyType = 1;
			remoteGlobalIDString = 9D81D6561D9D22E300EE0659;
			remoteInfo = DataPassingTable;
		};
/* End PBXContainerItemProxy section */

/* Begin PBXFileReference section */
		9D81D6571D9D22E300EE0659 /* DataPassingTable.app */ = {isa = PBXFileReference; explicitFileType = wrapper.application; includeInIndex = 0; path = DataPassingTable.app; sourceTree = BUILT_PRODUCTS_DIR; };
		9D81D65B1D9D22E300EE0659 /* main.m */ = {isa = PBXFileReference; lastKnownFileType = sourcecode.c.objc; path = main.m; sourceTree = "<group>"; };
		9D81D65D1D9D22E400EE0659 /* AppDelegate.h */ = {isa = PBXFileReference; lastKnownFileType = sourcecode.c.h; path = AppDelegate.h; sourceTree = "<group>"; };
		9D81D65E1D9D22E400EE0659 /* AppDelegate.m */ = {isa = PBXFileReference; lastKnownFileType = sourcecode.c.objc; path = AppDelegate.m; sourceTree = "<group>"; };
		9D81D6601D9D22E400EE0659 /* ViewController.h */ = {isa = PBXFileReference; lastKnownFileType = sourcecode.c.h; path = ViewController.h; sourceTree = "<group>"; };
		9D81D6611D9D22E400EE0659 /* ViewController.m */ = {isa = PBXFileReference; lastKnownFileType = sourcecode.c.objc; path = ViewController.m; sourceTree = "<group>"; };
		9D81D6641D9D22E500EE0659 /* Base */ = {isa = PBXFileReference; lastKnownFileType = file.storyboard; name = Base; path = Base.lproj/Main.storyboard; sourceTree = "<group>"; };
		9D81D6661D9D22E600EE0659 /* Assets.xcassets */ = {isa = PBXFileReference; lastKnownFileType = folder.assetcatalog; path = Assets.xcassets; sourceTree = "<group>"; };
		9D81D6691D9D22E600EE0659 /* Base */ = {isa = PBXFileReference; lastKnownFileType = file.storyboard; name = Base; path = Base.lproj/LaunchScreen.storyboard; sourceTree = "<group>"; };
		9D81D66B1D9D22E700EE0659 /* Info.plist */ = {isa = PBXFileReference; lastKnownFileType = text.plist.xml; path = Info.plist; sourceTree = "<group>"; };
		9D81D6701D9D22E700EE0659 /* DataPassingTableTests.xctest */ = {isa = PBXFileReference; explicitFileType = wrapper.cfbundle; includeInIndex = 0; path = DataPassingTableTests.xctest; sourceTree = BUILT_PRODUCTS_DIR; };
		9D81D6741D9D22E900EE0659 /* DataPassingTableTests.m */ = {isa = PBXFileReference; lastKnownFileType = sourcecode.c.objc; path = DataPassingTableTests.m; sourceTree = "<group>"; };
		9D81D6761D9D22E900EE0659 /* Info.plist */ = {isa = PBXFileReference; lastKnownFileType = text.plist.xml; path = Info.plist; sourceTree = "<group>"; };
		9D81D67B1D9D22E900EE0659 /* DataPassingTableUITests.xctest */ = {isa = PBXFileReference; explicitFileType = wrapper.cfbundle; includeInIndex = 0; path = DataPassingTableUITests.xctest; sourceTree = BUILT_PRODUCTS_DIR; };
		9D81D67F1D9D22E900EE0659 /* DataPassingTableUITests.m */ = {isa = PBXFileReference; lastKnownFileType = sourcecode.c.objc; path = DataPassingTableUITests.m; sourceTree = "<group>"; };
		9D81D6811D9D22E900EE0659 /* Info.plist */ = {isa = PBXFileReference; lastKnownFileType = text.plist.xml; path = Info.plist; sourceTree = "<group>"; };
/* End PBXFileReference section */

/* Begin PBXFrameworksBuildPhase section */
		9D81D6541D9D22E300EE0659 /* Frameworks */ = {
			isa = PBXFrameworksBuildPhase;
			buildActionMask = 2147483647;
			files = (
			);
			runOnlyForDeploymentPostprocessing = 0;
		};
		9D81D66D1D9D22E700EE0659 /* Frameworks */ = {
			isa = PBXFrameworksBuildPhase;
			buildActionMask = 2147483647;
			files = (
			);
			runOnlyForDeploymentPostprocessing = 0;
		};
		9D81D6781D9D22E900EE0659 /* Frameworks */ = {
			isa = PBXFrameworksBuildPhase;
			buildActionMask = 2147483647;
			files = (
			);
			runOnlyForDeploymentPostprocessing = 0;
		};
/* End PBXFrameworksBuildPhase section */

/* Begin PBXGroup section */
		9D81D64E1D9D22E300EE0659 = {
			isa = PBXGroup;
			children = (
				9D81D6591D9D22E300EE0659 /* DataPassingTable */,
				9D81D6731D9D22E800EE0659 /* DataPassingTableTests */,
				9D81D67E1D9D22E900EE0659 /* DataPassingTableUITests */,
				9D81D6581D9D22E300EE0659 /* Products */,
			);
			sourceTree = "<group>";
		};
		9D81D6581D9D22E300EE0659 /* Products */ = {
			isa = PBXGroup;
			children = (
				9D81D6571D9D22E300EE0659 /* DataPassingTable.app */,
				9D81D6701D9D22E700EE0659 /* DataPassingTableTests.xctest */,
				9D81D67B1D9D22E900EE0659 /* DataPassingTableUITests.xctest */,
			);
			name = Products;
			sourceTree = "<group>";
		};
		9D81D6591D9D22E300EE0659 /* DataPassingTable */ = {
			isa = PBXGroup;
			children = (
				9D81D65D1D9D22E400EE0659 /* AppDelegate.h */,
				9D81D65E1D9D22E400EE0659 /* AppDelegate.m */,
				9D81D6601D9D22E400EE0659 /* ViewController.h */,
				9D81D6611D9D22E400EE0659 /* ViewController.m */,
				9D81D6631D9D22E500EE0659 /* Main.storyboard */,
				9D81D6661D9D22E600EE0659 /* Assets.xcassets */,
				9D81D6681D9D22E600EE0659 /* LaunchScreen.storyboard */,
				9D81D66B1D9D22E700EE0659 /* Info.plist */,
				9D81D65A1D9D22E300EE0659 /* Supporting Files */,
			);
			path = DataPassingTable;
			sourceTree = "<group>";
		};
		9D81D65A1D9D22E300EE0659 /* Supporting Files */ = {
			isa = PBXGroup;
			children = (
				9D81D65B1D9D22E300EE0659 /* main.m */,
			);
			name = "Supporting Files";
			sourceTree = "<group>";
		};
		9D81D6731D9D22E800EE0659 /* DataPassingTableTests */ = {
			isa = PBXGroup;
			children = (
				9D81D6741D9D22E900EE0659 /* DataPassingTableTests.m */,
				9D81D6761D9D22E900EE0659 /* Info.plist */,
			);
			path = DataPassingTableTests;
			sourceTree = "<group>";
		};
		9D81D67E1D9D22E900EE0659 /* DataPassingTableUITests */ = {
			isa = PBXGroup;
			children = (
				9D81D67F1D9D22E900EE0659 /* DataPassingTableUITests.m */,
				9D81D6811D9D22E900EE0659 /* Info.plist */,
			);
			path = DataPassingTableUITests;
			sourceTree = "<group>";
		};
/* End PBXGroup section */

/* Begin PBXNativeTarget section */
		9D81D6561D9D22E300EE0659 /* DataPassingTable */ = {
			isa = PBXNativeTarget;
			buildConfigurationList = 9D81D6841D9D22E900EE0659 /* Build configuration list for PBXNativeTarget "DataPassingTable" */;
			buildPhases = (
				9D81D6531D9D22E300EE0659 /* Sources */,
				9D81D6541D9D22E300EE0659 /* Frameworks */,
				9D81D6551D9D22E300EE0659 /* Resources */,
			);
			buildRules = (
			);
			dependencies = (
			);
			name = DataPassingTable;
			productName = DataPassingTable;
			productReference = 9D81D6571D9D22E300EE0659 /* DataPassingTable.app */;
			productType = "com.apple.product-type.application";
		};
		9D81D66F1D9D22E700EE0659 /* DataPassingTableTests */ = {
			isa = PBXNativeTarget;
			buildConfigurationList = 9D81D6871D9D22E900EE0659 /* Build configuration list for PBXNativeTarget "DataPassingTableTests" */;
			buildPhases = (
				9D81D66C1D9D22E700EE0659 /* Sources */,
				9D81D66D1D9D22E700EE0659 /* Frameworks */,
				9D81D66E1D9D22E700EE0659 /* Resources */,
			);
			buildRules = (
			);
			dependencies = (
				9D81D6721D9D22E700EE0659 /* PBXTargetDependency */,
			);
			name = DataPassingTableTests;
			productName = DataPassingTableTests;
			productReference = 9D81D6701D9D22E700EE0659 /* DataPassingTableTests.xctest */;
			productType = "com.apple.product-type.bundle.unit-test";
		};
		9D81D67A1D9D22E900EE0659 /* DataPassingTableUITests */ = {
			isa = PBXNativeTarget;
			buildConfigurationList = 9D81D68A1D9D22E900EE0659 /* Build configuration list for PBXNativeTarget "DataPassingTableUITests" */;
			buildPhases = (
				9D81D6771D9D22E900EE0659 /* Sources */,
				9D81D6781D9D22E900EE0659 /* Frameworks */,
				9D81D6791D9D22E900EE0659 /* Resources */,
			);
			buildRules = (
			);
			dependencies = (
				9D81D67D1D9D22E900EE0659 /* PBXTargetDependency */,
			);
			name = DataPassingTableUITests;
			productName = DataPassingTableUITests;
			productReference = 9D81D67B1D9D22E900EE0659 /* DataPassingTableUITests.xctest */;
			productType = "com.apple.product-type.bundle.ui-testing";
		};
/* End PBXNativeTarget section */

/* Begin PBXProject section */
		9D81D64F1D9D22E300EE0659 /* Project object */ = {
			isa = PBXProject;
			attributes = {
				LastUpgradeCheck = 0800;
				ORGANIZATIONNAME = RedefinedGroup;
				TargetAttributes = {
					9D81D6561D9D22E300EE0659 = {
						CreatedOnToolsVersion = 8.0;
						ProvisioningStyle = Automatic;
					};
					9D81D66F1D9D22E700EE0659 = {
						CreatedOnToolsVersion = 8.0;
						ProvisioningStyle = Automatic;
						TestTargetID = 9D81D6561D9D22E300EE0659;
					};
					9D81D67A1D9D22E900EE0659 = {
						CreatedOnToolsVersion = 8.0;
						ProvisioningStyle = Automatic;
						TestTargetID = 9D81D6561D9D22E300EE0659;
					};
				};
			};
			buildConfigurationList = 9D81D6521D9D22E300EE0659 /* Build configuration list for PBXProject "DataPassingTable" */;
			compatibilityVersion = "Xcode 3.2";
			developmentRegion = English;
			hasScannedForEncodings = 0;
			knownRegions = (
				en,
				Base,
			);
			mainGroup = 9D81D64E1D9D22E300EE0659;
			productRefGroup = 9D81D6581D9D22E300EE0659 /* Products */;
			projectDirPath = "";
			projectRoot = "";
			targets = (
				9D81D6561D9D22E300EE0659 /* DataPassingTable */,
				9D81D66F1D9D22E700EE0659 /* DataPassingTableTests */,
				9D81D67A1D9D22E900EE0659 /* DataPassingTableUITests */,
			);
		};
/* End PBXProject section */

/* Begin PBXResourcesBuildPhase section */
		9D81D6551D9D22E300EE0659 /* Resources */ = {
			isa = PBXResourcesBuildPhase;
			buildActionMask = 2147483647;
			files = (
				9D81D66A1D9D22E600EE0659 /* LaunchScreen.storyboard in Resources */,
				9D81D6671D9D22E600EE0659 /* Assets.xcassets in Resources */,
				9D81D6651D9D22E600EE0659 /* Main.storyboard in Resources */,
			);
			runOnlyForDeploymentPostprocessing = 0;
		};
		9D81D66E1D9D22E700EE0659 /* Resources */ = {
			isa = PBXResourcesBuildPhase;
			buildActionMask = 2147483647;
			files = (
			);
			runOnlyForDeploymentPostprocessing = 0;
		};
		9D81D6791D9D22E900EE0659 /* Resources */ = {
			isa = PBXResourcesBuildPhase;
			buildActionMask = 2147483647;
			files = (
			);
			runOnlyForDeploymentPostprocessing = 0;
		};
/* End PBXResourcesBuildPhase section */

/* Begin PBXSourcesBuildPhase section */
		9D81D6531D9D22E300EE0659 /* Sources */ = {
			isa = PBXSourcesBuildPhase;
			buildActionMask = 2147483647;
			files = (
				9D81D6621D9D22E400EE0659 /* ViewController.m in Sources */,
				9D81D65F1D9D22E400EE0659 /* AppDelegate.m in Sources */,
				9D81D65C1D9D22E300EE0659 /* main.m in Sources */,
			);
			runOnlyForDeploymentPostprocessing = 0;
		};
		9D81D66C1D9D22E700EE0659 /* Sources */ = {
			isa = PBXSourcesBuildPhase;
			buildActionMask = 2147483647;
			files = (
				9D81D6751D9D22E900EE0659 /* DataPassingTableTests.m in Sources */,
			);
			runOnlyForDeploymentPostprocessing = 0;
		};
		9D81D6771D9D22E900EE0659 /* Sources */ = {
			isa = PBXSourcesBuildPhase;
			buildActionMask = 2147483647;
			files = (
				9D81D6801D9D22E900EE0659 /* DataPassingTableUITests.m in Sources */,
			);
			runOnlyForDeploymentPostprocessing = 0;
		};
/* End PBXSourcesBuildPhase section */

/* Begin PBXTargetDependency section */
		9D81D6721D9D22E700EE0659 /* PBXTargetDependency */ = {
			isa = PBXTargetDependency;
			target = 9D81D6561D9D22E300EE0659 /* DataPassingTable */;
			targetProxy = 9D81D6711D9D22E700EE0659 /* PBXContainerItemProxy */;
		};
		9D81D67D1D9D22E900EE0659 /* PBXTargetDependency */ = {
			isa = PBXTargetDependency;
			target = 9D81D6561D9D22E300EE0659 /* DataPassingTable */;
			targetProxy = 9D81D67C1D9D22E900EE0659 /* PBXContainerItemProxy */;
		};
/* End PBXTargetDependency section */

/* Begin PBXVariantGroup section */
		9D81D6631D9D22E500EE0659 /* Main.storyboard */ = {
			isa = PBXVariantGroup;
			children = (
				9D81D6641D9D22E500EE0659 /* Base */,
			);
			name = Main.storyboard;
			sourceTree = "<group>";
		};
		9D81D6681D9D22E600EE0659 /* LaunchScreen.storyboard */ = {
			isa = PBXVariantGroup;
			children = (
				9D81D6691D9D22E600EE0659 /* Base */,
			);
			name = LaunchScreen.storyboard;
			sourceTree = "<group>";
		};
/* End PBXVariantGroup section */

/* Begin XCBuildConfiguration section */
		9D81D6821D9D22E900EE0659 /* Debug */ = {
			isa = XCBuildConfiguration;
			buildSettings = {
				ALWAYS_SEARCH_USER_PATHS = NO;
				CLANG_ANALYZER_NONNULL = YES;
				CLANG_CXX_LANGUAGE_STANDARD = "gnu++0x";
				CLANG_CXX_LIBRARY = "libc++";
				CLANG_ENABLE_MODULES = YES;
				CLANG_ENABLE_OBJC_ARC = YES;
				CLANG_WARN_BOOL_CONVERSION = YES;
				CLANG_WARN_CONSTANT_CONVERSION = YES;
				CLANG_WARN_DIRECT_OBJC_ISA_USAGE = YES_ERROR;
				CLANG_WARN_DOCUMENTATION_COMMENTS = YES;
				CLANG_WARN_EMPTY_BODY = YES;
				CLANG_WARN_ENUM_CONVERSION = YES;
				CLANG_WARN_INFINITE_RECURSION = YES;
				CLANG_WARN_INT_CONVERSION = YES;
				CLANG_WARN_OBJC_ROOT_CLASS = YES_ERROR;
				CLANG_WARN_SUSPICIOUS_MOVES = YES;
				CLANG_WARN_UNREACHABLE_CODE = YES;
				CLANG_WARN__DUPLICATE_METHOD_MATCH = YES;
				"CODE_SIGN_IDENTITY[sdk=iphoneos*]" = "iPhone Developer";
				COPY_PHASE_STRIP = NO;
				DEBUG_INFORMATION_FORMAT = dwarf;
				ENABLE_STRICT_OBJC_MSGSEND = YES;
				ENABLE_TESTABILITY = YES;
				GCC_C_LANGUAGE_STANDARD = gnu99;
				GCC_DYNAMIC_NO_PIC = NO;
				GCC_NO_COMMON_BLOCKS = YES;
				GCC_OPTIMIZATION_LEVEL = 0;
				GCC_PREPROCESSOR_DEFINITIONS = (
					"DEBUG=1",
					"$(inherited)",
				);
				GCC_WARN_64_TO_32_BIT_CONVERSION = YES;
				GCC_WARN_ABOUT_RETURN_TYPE = YES_ERROR;
				GCC_WARN_UNDECLARED_SELECTOR = YES;
				GCC_WARN_UNINITIALIZED_AUTOS = YES_AGGRESSIVE;
				GCC_WARN_UNUSED_FUNCTION = YES;
				GCC_WARN_UNUSED_VARIABLE = YES;
				IPHONEOS_DEPLOYMENT_TARGET = 10.0;
				MTL_ENABLE_DEBUG_INFO = YES;
				ONLY_ACTIVE_ARCH = YES;
				SDKROOT = iphoneos;
				TARGETED_DEVICE_FAMILY = "1,2";
			};
			name = Debug;
		};
		9D81D6831D9D22E900EE0659 /* Release */ = {
			isa = XCBuildConfiguration;
			buildSettings = {
				ALWAYS_SEARCH_USER_PATHS = NO;
				CLANG_ANALYZER_NONNULL = YES;
				CLANG_CXX_LANGUAGE_STANDARD = "gnu++0x";
				CLANG_CXX_LIBRARY = "libc++";
				CLANG_ENABLE_MODULES = YES;
				CLANG_ENABLE_OBJC_ARC = YES;
				CLANG_WARN_BOOL_CONVERSION = YES;
				CLANG_WARN_CONSTANT_CONVERSION = YES;
				CLANG_WARN_DIRECT_OBJC_ISA_USAGE = YES_ERROR;
				CLANG_WARN_DOCUMENTATION_COMMENTS = YES;
				CLANG_WARN_EMPTY_BODY = YES;
				CLANG_WARN_ENUM_CONVERSION = YES;
				CLANG_WARN_INFINITE_RECURSION = YES;
				CLANG_WARN_INT_CONVERSION = YES;
				CLANG_WARN_OBJC_ROOT_CLASS = YES_ERROR;
				CLANG_WARN_SUSPICIOUS_MOVES = YES;
				CLANG_WARN_UNREACHABLE_CODE = YES;
				CLANG_WARN__DUPLICATE_METHOD_MATCH = YES;
				"CODE_SIGN_IDENTITY[sdk=iphoneos*]" = "iPhone Developer";
				COPY_PHASE_STRIP = NO;
				DEBUG_INFORMATION_FORMAT = "dwarf-with-dsym";
				ENABLE_NS_ASSERTIONS = NO;
				ENABLE_STRICT_OBJC_MSGSEND = YES;
				GCC_C_LANGUAGE_STANDARD = gnu99;
				GCC_NO_COMMON_BLOCKS = YES;
				GCC_WARN_64_TO_32_BIT_CONVERSION = YES;
				GCC_WARN_ABOUT_RETURN_TYPE = YES_ERROR;
				GCC_WARN_UNDECLARED_SELECTOR = YES;
				GCC_WARN_UNINITIALIZED_AUTOS = YES_AGGRESSIVE;
				GCC_WARN_UNUSED_FUNCTION = YES;
				GCC_WARN_UNUSED_VARIABLE = YES;
				IPHONEOS_DEPLOYMENT_TARGET = 10.0;
				MTL_ENABLE_DEBUG_INFO = NO;
				SDKROOT = iphoneos;
				TARGETED_DEVICE_FAMILY = "1,2";
				VALIDATE_PRODUCT = YES;
			};
			name = Release;
		};
		9D81D6851D9D22E900EE0659 /* Debug */ = {
			isa = XCBuildConfiguration;
			buildSettings = {
				ASSETCATALOG_COMPILER_APPICON_NAME = AppIcon;
				INFOPLIST_FILE = DataPassingTable/Info.plist;
				LD_RUNPATH_SEARCH_PATHS = "$(inherited) @executable_path/Frameworks";
				PRODUCT_BUNDLE_IDENTIFIER = redefinedgroup.DataPassingTable;
				PRODUCT_NAME = "$(TARGET_NAME)";
			};
			name = Debug;
		};
		9D81D6861D9D22E900EE0659 /* Release */ = {
			isa = XCBuildConfiguration;
			buildSettings = {
				ASSETCATALOG_COMPILER_APPICON_NAME = AppIcon;
				INFOPLIST_FILE = DataPassingTable/Info.plist;
				LD_RUNPATH_SEARCH_PATHS = "$(inherited) @executable_path/Frameworks";
				PRODUCT_BUNDLE_IDENTIFIER = redefinedgroup.DataPassingTable;
				PRODUCT_NAME = "$(TARGET_NAME)";
			};
			name = Release;
		};
		9D81D6881D9D22E900EE0659 /* Debug */ = {
			isa = XCBuildConfiguration;
			buildSettings = {
				BUNDLE_LOADER = "$(TEST_HOST)";
				INFOPLIST_FILE = DataPassingTableTests/Info.plist;
				LD_RUNPATH_SEARCH_PATHS = "$(inherited) @executable_path/Frameworks @loader_path/Frameworks";
				PRODUCT_BUNDLE_IDENTIFIER = redefinedgroup.DataPassingTableTests;
				PRODUCT_NAME = "$(TARGET_NAME)";
				TEST_HOST = "$(BUILT_PRODUCTS_DIR)/DataPassingTable.app/DataPassingTable";
			};
			name = Debug;
		};
		9D81D6891D9D22E900EE0659 /* Release */ = {
			isa = XCBuildConfiguration;
			buildSettings = {
				BUNDLE_LOADER = "$(TEST_HOST)";
				INFOPLIST_FILE = DataPassingTableTests/Info.plist;
				LD_RUNPATH_SEARCH_PATHS = "$(inherited) @executable_path/Frameworks @loader_path/Frameworks";
				PRODUCT_BUNDLE_IDENTIFIER = redefinedgroup.DataPassingTableTests;
				PRODUCT_NAME = "$(TARGET_NAME)";
				TEST_HOST = "$(BUILT_PRODUCTS_DIR)/DataPassingTable.app/DataPassingTable";
			};
			name = Release;
		};
		9D81D68B1D9D22E900EE0659 /* Debug */ = {
			isa = XCBuildConfiguration;
			buildSettings = {
				INFOPLIST_FILE = DataPassingTableUITests/Info.plist;
				LD_RUNPATH_SEARCH_PATHS = "$(inherited) @executable_path/Frameworks @loader_path/Frameworks";
				PRODUCT_BUNDLE_IDENTIFIER = redefinedgroup.DataPassingTableUITests;
				PRODUCT_NAME = "$(TARGET_NAME)";
				TEST_TARGET_NAME = DataPassingTable;
			};
			name = Debug;
		};
		9D81D68C1D9D22E900EE0659 /* Release */ = {
			isa = XCBuildConfiguration;
			buildSettings = {
				INFOPLIST_FILE = DataPassingTableUITests/Info.plist;
				LD_RUNPATH_SEARCH_PATHS = "$(inherited) @executable_path/Frameworks @loader_path/Frameworks";
				PRODUCT_BUNDLE_IDENTIFIER = redefinedgroup.DataPassingTableUITests;
				PRODUCT_NAME = "$(TARGET_NAME)";
				TEST_TARGET_NAME = DataPassingTable;
			};
			name = Release;
		};
/* End XCBuildConfiguration section */

/* Begin XCConfigurationList section */
		9D81D6521D9D22E300EE0659 /* Build configuration list for PBXProject "DataPassingTable" */ = {
			isa = XCConfigurationList;
			buildConfigurations = (
				9D81D6821D9D22E900EE0659 /* Debug */,
				9D81D6831D9D22E900EE0659 /* Release */,
			);
			defaultConfigurationIsVisible = 0;
			defaultConfigurationName = Release;
		};
		9D81D6841D9D22E900EE0659 /* Build configuration list for PBXNativeTarget "DataPassingTable" */ = {
			isa = XCConfigurationList;
			buildConfigurations = (
				9D81D6851D9D22E900EE0659 /* Debug */,
				9D81D6861D9D22E900EE0659 /* Release */,
			);
			defaultConfigurationIsVisible = 0;
		};
		9D81D6871D9D22E900EE0659 /* Build configuration list for PBXNativeTarget "DataPassingTableTests" */ = {
			isa = XCConfigurationList;
			buildConfigurations = (
				9D81D6881D9D22E900EE0659 /* Debug */,
				9D81D6891D9D22E900EE0659 /* Release */,
			);
			defaultConfigurationIsVisible = 0;
		};
		9D81D68A1D9D22E900EE0659 /* Build configuration list for PBXNativeTarget "DataPassingTableUITests" */ = {
			isa = XCConfigurationList;
			buildConfigurations = (
				9D81D68B1D9D22E900EE0659 /* Debug */,
				9D81D68C1D9D22E900EE0659 /* Release */,
			);
			defaultConfigurationIsVisible = 0;
		};
/* End XCConfigurationList section */
	};
	rootObject = 9D81D64F1D9D22E300EE0659 /* Project object */;
}
